
Microsoft Visual Studio Solution File, Format Version 12.00
# Visual Studio Version 16
VisualStudioVersion = 16.0.29926.136
MinimumVisualStudioVersion = 10.0.40219.1
Project("{D954291E-2A0B-460D-934E-DC6B0785DB48}") = "UnoSample.Shared", "UnoSample.Shared\UnoSample.Shared.shproj", "{6279C845-92F8-4333-AB99-3D213163593C}"
EndProject
Project("{FAE04EC0-301F-11D3-BF4B-00C04F79EFBC}") = "UnoSample.Droid", "UnoSample.Droid\UnoSample.Droid.csproj", "{876498B2-FEEE-4927-A558-E74309E80053}"
EndProject
Project("{FAE04EC0-301F-11D3-BF4B-00C04F79EFBC}") = "UnoSample.iOS", "UnoSample.iOS\UnoSample.iOS.csproj", "{21485E9F-9AFD-4190-9E60-595B25E4B4B6}"
EndProject
Project("{FAE04EC0-301F-11D3-BF4B-00C04F79EFBC}") = "UnoSample.UWP", "UnoSample.UWP\UnoSample.UWP.csproj", "{09AAE13C-F3EC-4042-899A-A6290BE3592D}"
EndProject
Project("{FAE04EC0-301F-11D3-BF4B-00C04F79EFBC}") = "UnoSample.Wasm", "UnoSample.Wasm\UnoSample.Wasm.csproj", "{4300506B-0E2E-4E9A-B468-E5A58116BD10}"
EndProject
Global
	GlobalSection(SharedMSBuildProjectFiles) = preSolution
		UnoSample.Shared\UnoSample.Shared.projitems*{09aae13c-f3ec-4042-899a-a6290be3592d}*SharedItemsImports = 4
		UnoSample.Shared\UnoSample.Shared.projitems*{21485e9f-9afd-4190-9e60-595b25e4b4b6}*SharedItemsImports = 4
		UnoSample.Shared\UnoSample.Shared.projitems*{4300506b-0e2e-4e9a-b468-e5a58116bd10}*SharedItemsImports = 5
		UnoSample.Shared\UnoSample.Shared.projitems*{6279c845-92f8-4333-ab99-3d213163593c}*SharedItemsImports = 13
		UnoSample.Shared\UnoSample.Shared.projitems*{876498b2-feee-4927-a558-e74309e80053}*SharedItemsImports = 4
	EndGlobalSection
	GlobalSection(SolutionConfigurationPlatforms) = preSolution
		Ad-Hoc|Any CPU = Ad-Hoc|Any CPU
		Ad-Hoc|ARM = Ad-Hoc|ARM
		Ad-Hoc|iPhone = Ad-Hoc|iPhone
		Ad-Hoc|iPhoneSimulator = Ad-Hoc|iPhoneSimulator
		Ad-Hoc|x64 = Ad-Hoc|x64
		Ad-Hoc|x86 = Ad-Hoc|x86
		AppStore|Any CPU = AppStore|Any CPU
		AppStore|ARM = AppStore|ARM
		AppStore|iPhone = AppStore|iPhone
		AppStore|iPhoneSimulator = AppStore|iPhoneSimulator
		AppStore|x64 = AppStore|x64
		AppStore|x86 = AppStore|x86
		Debug|Any CPU = Debug|Any CPU
		Debug|ARM = Debug|ARM
		Debug|iPhone = Debug|iPhone
		Debug|iPhoneSimulator = Debug|iPhoneSimulator
		Debug|x64 = Debug|x64
		Debug|x86 = Debug|x86
		Release|Any CPU = Release|Any CPU
		Release|ARM = Release|ARM
		Release|iPhone = Release|iPhone
		Release|iPhoneSimulator = Release|iPhoneSimulator
		Release|x64 = Release|x64
		Release|x86 = Release|x86
	EndGlobalSection
	GlobalSection(ProjectConfigurationPlatforms) = postSolution
		{876498B2-FEEE-4927-A558-E74309E80053}.Ad-Hoc|Any CPU.ActiveCfg = Release|Any CPU
		{876498B2-FEEE-4927-A558-E74309E80053}.Ad-Hoc|Any CPU.Build.0 = Release|Any CPU
		{876498B2-FEEE-4927-A558-E74309E80053}.Ad-Hoc|Any CPU.Deploy.0 = Release|Any CPU
		{876498B2-FEEE-4927-A558-E74309E80053}.Ad-Hoc|ARM.ActiveCfg = Release|Any CPU
		{876498B2-FEEE-4927-A558-E74309E80053}.Ad-Hoc|ARM.Build.0 = Release|Any CPU
		{876498B2-FEEE-4927-A558-E74309E80053}.Ad-Hoc|ARM.Deploy.0 = Release|Any CPU
		{876498B2-FEEE-4927-A558-E74309E80053}.Ad-Hoc|iPhone.ActiveCfg = Release|Any CPU
		{876498B2-FEEE-4927-A558-E74309E80053}.Ad-Hoc|iPhone.Build.0 = Release|Any CPU
		{876498B2-FEEE-4927-A558-E74309E80053}.Ad-Hoc|iPhone.Deploy.0 = Release|Any CPU
		{876498B2-FEEE-4927-A558-E74309E80053}.Ad-Hoc|iPhoneSimulator.ActiveCfg = Release|Any CPU
		{876498B2-FEEE-4927-A558-E74309E80053}.Ad-Hoc|iPhoneSimulator.Build.0 = Release|Any CPU
		{876498B2-FEEE-4927-A558-E74309E80053}.Ad-Hoc|iPhoneSimulator.Deploy.0 = Release|Any CPU
		{876498B2-FEEE-4927-A558-E74309E80053}.Ad-Hoc|x64.ActiveCfg = Release|Any CPU
		{876498B2-FEEE-4927-A558-E74309E80053}.Ad-Hoc|x64.Build.0 = Release|Any CPU
		{876498B2-FEEE-4927-A558-E74309E80053}.Ad-Hoc|x64.Deploy.0 = Release|Any CPU
		{876498B2-FEEE-4927-A558-E74309E80053}.Ad-Hoc|x86.ActiveCfg = Release|Any CPU
		{876498B2-FEEE-4927-A558-E74309E80053}.Ad-Hoc|x86.Build.0 = Release|Any CPU
		{876498B2-FEEE-4927-A558-E74309E80053}.Ad-Hoc|x86.Deploy.0 = Release|Any CPU
		{876498B2-FEEE-4927-A558-E74309E80053}.AppStore|Any CPU.ActiveCfg = Release|Any CPU
		{876498B2-FEEE-4927-A558-E74309E80053}.AppStore|Any CPU.Build.0 = Release|Any CPU
		{876498B2-FEEE-4927-A558-E74309E80053}.AppStore|Any CPU.Deploy.0 = Release|Any CPU
		{876498B2-FEEE-4927-A558-E74309E80053}.AppStore|ARM.ActiveCfg = Release|Any CPU
		{876498B2-FEEE-4927-A558-E74309E80053}.AppStore|ARM.Build.0 = Release|Any CPU
		{876498B2-FEEE-4927-A558-E74309E80053}.AppStore|ARM.Deploy.0 = Release|Any CPU
		{876498B2-FEEE-4927-A558-E74309E80053}.AppStore|iPhone.ActiveCfg = Release|Any CPU
		{876498B2-FEEE-4927-A558-E74309E80053}.AppStore|iPhone.Build.0 = Release|Any CPU
		{876498B2-FEEE-4927-A558-E74309E80053}.AppStore|iPhone.Deploy.0 = Release|Any CPU
		{876498B2-FEEE-4927-A558-E74309E80053}.AppStore|iPhoneSimulator.ActiveCfg = Release|Any CPU
		{876498B2-FEEE-4927-A558-E74309E80053}.AppStore|iPhoneSimulator.Build.0 = Release|Any CPU
		{876498B2-FEEE-4927-A558-E74309E80053}.AppStore|iPhoneSimulator.Deploy.0 = Release|Any CPU
		{876498B2-FEEE-4927-A558-E74309E80053}.AppStore|x64.ActiveCfg = Release|Any CPU
		{876498B2-FEEE-4927-A558-E74309E80053}.AppStore|x64.Build.0 = Release|Any CPU
		{876498B2-FEEE-4927-A558-E74309E80053}.AppStore|x64.Deploy.0 = Release|Any CPU
		{876498B2-FEEE-4927-A558-E74309E80053}.AppStore|x86.ActiveCfg = Release|Any CPU
		{876498B2-FEEE-4927-A558-E74309E80053}.AppStore|x86.Build.0 = Release|Any CPU
		{876498B2-FEEE-4927-A558-E74309E80053}.AppStore|x86.Deploy.0 = Release|Any CPU
		{876498B2-FEEE-4927-A558-E74309E80053}.Debug|Any CPU.ActiveCfg = Debug|Any CPU
		{876498B2-FEEE-4927-A558-E74309E80053}.Debug|Any CPU.Build.0 = Debug|Any CPU
		{876498B2-FEEE-4927-A558-E74309E80053}.Debug|Any CPU.Deploy.0 = Debug|Any CPU
		{876498B2-FEEE-4927-A558-E74309E80053}.Debug|ARM.ActiveCfg = Debug|Any CPU
		{876498B2-FEEE-4927-A558-E74309E80053}.Debug|ARM.Build.0 = Debug|Any CPU
		{876498B2-FEEE-4927-A558-E74309E80053}.Debug|ARM.Deploy.0 = Debug|Any CPU
		{876498B2-FEEE-4927-A558-E74309E80053}.Debug|iPhone.ActiveCfg = Debug|Any CPU
		{876498B2-FEEE-4927-A558-E74309E80053}.Debug|iPhone.Build.0 = Debug|Any CPU
		{876498B2-FEEE-4927-A558-E74309E80053}.Debug|iPhone.Deploy.0 = Debug|Any CPU
		{876498B2-FEEE-4927-A558-E74309E80053}.Debug|iPhoneSimulator.ActiveCfg = Debug|Any CPU
		{876498B2-FEEE-4927-A558-E74309E80053}.Debug|iPhoneSimulator.Build.0 = Debug|Any CPU
		{876498B2-FEEE-4927-A558-E74309E80053}.Debug|iPhoneSimulator.Deploy.0 = Debug|Any CPU
		{876498B2-FEEE-4927-A558-E74309E80053}.Debug|x64.ActiveCfg = Debug|Any CPU
		{876498B2-FEEE-4927-A558-E74309E80053}.Debug|x64.Build.0 = Debug|Any CPU
		{876498B2-FEEE-4927-A558-E74309E80053}.Debug|x64.Deploy.0 = Debug|Any CPU
		{876498B2-FEEE-4927-A558-E74309E80053}.Debug|x86.ActiveCfg = Debug|Any CPU
		{876498B2-FEEE-4927-A558-E74309E80053}.Debug|x86.Build.0 = Debug|Any CPU
		{876498B2-FEEE-4927-A558-E74309E80053}.Debug|x86.Deploy.0 = Debug|Any CPU
		{876498B2-FEEE-4927-A558-E74309E80053}.Release|Any CPU.ActiveCfg = Release|Any CPU
		{876498B2-FEEE-4927-A558-E74309E80053}.Release|Any CPU.Build.0 = Release|Any CPU
		{876498B2-FEEE-4927-A558-E74309E80053}.Release|Any CPU.Deploy.0 = Release|Any CPU
		{876498B2-FEEE-4927-A558-E74309E80053}.Release|ARM.ActiveCfg = Release|Any CPU
		{876498B2-FEEE-4927-A558-E74309E80053}.Release|ARM.Build.0 = Release|Any CPU
		{876498B2-FEEE-4927-A558-E74309E80053}.Release|ARM.Deploy.0 = Release|Any CPU
		{876498B2-FEEE-4927-A558-E74309E80053}.Release|iPhone.ActiveCfg = Release|Any CPU
		{876498B2-FEEE-4927-A558-E74309E80053}.Release|iPhone.Build.0 = Release|Any CPU
		{876498B2-FEEE-4927-A558-E74309E80053}.Release|iPhone.Deploy.0 = Release|Any CPU
		{876498B2-FEEE-4927-A558-E74309E80053}.Release|iPhoneSimulator.ActiveCfg = Release|Any CPU
		{876498B2-FEEE-4927-A558-E74309E80053}.Release|iPhoneSimulator.Build.0 = Release|Any CPU
		{876498B2-FEEE-4927-A558-E74309E80053}.Release|iPhoneSimulator.Deploy.0 = Release|Any CPU
		{876498B2-FEEE-4927-A558-E74309E80053}.Release|x64.ActiveCfg = Release|Any CPU
		{876498B2-FEEE-4927-A558-E74309E80053}.Release|x64.Build.0 = Release|Any CPU
		{876498B2-FEEE-4927-A558-E74309E80053}.Release|x64.Deploy.0 = Release|Any CPU
		{876498B2-FEEE-4927-A558-E74309E80053}.Release|x86.ActiveCfg = Release|Any CPU
		{876498B2-FEEE-4927-A558-E74309E80053}.Release|x86.Build.0 = Release|Any CPU
		{876498B2-FEEE-4927-A558-E74309E80053}.Release|x86.Deploy.0 = Release|Any CPU
		{21485E9F-9AFD-4190-9E60-595B25E4B4B6}.Ad-Hoc|Any CPU.ActiveCfg = Ad-Hoc|iPhone
		{21485E9F-9AFD-4190-9E60-595B25E4B4B6}.Ad-Hoc|ARM.ActiveCfg = Ad-Hoc|iPhone
		{21485E9F-9AFD-4190-9E60-595B25E4B4B6}.Ad-Hoc|iPhone.ActiveCfg = Ad-Hoc|iPhone
		{21485E9F-9AFD-4190-9E60-595B25E4B4B6}.Ad-Hoc|iPhone.Build.0 = Ad-Hoc|iPhone
		{21485E9F-9AFD-4190-9E60-595B25E4B4B6}.Ad-Hoc|iPhoneSimulator.ActiveCfg = Ad-Hoc|iPhoneSimulator
		{21485E9F-9AFD-4190-9E60-595B25E4B4B6}.Ad-Hoc|iPhoneSimulator.Build.0 = Ad-Hoc|iPhoneSimulator
		{21485E9F-9AFD-4190-9E60-595B25E4B4B6}.Ad-Hoc|x64.ActiveCfg = Ad-Hoc|iPhone
		{21485E9F-9AFD-4190-9E60-595B25E4B4B6}.Ad-Hoc|x86.ActiveCfg = Ad-Hoc|iPhone
		{21485E9F-9AFD-4190-9E60-595B25E4B4B6}.AppStore|Any CPU.ActiveCfg = AppStore|iPhone
		{21485E9F-9AFD-4190-9E60-595B25E4B4B6}.AppStore|ARM.ActiveCfg = AppStore|iPhone
		{21485E9F-9AFD-4190-9E60-595B25E4B4B6}.AppStore|iPhone.ActiveCfg = AppStore|iPhone
		{21485E9F-9AFD-4190-9E60-595B25E4B4B6}.AppStore|iPhone.Build.0 = AppStore|iPhone
		{21485E9F-9AFD-4190-9E60-595B25E4B4B6}.AppStore|iPhoneSimulator.ActiveCfg = AppStore|iPhoneSimulator
		{21485E9F-9AFD-4190-9E60-595B25E4B4B6}.AppStore|iPhoneSimulator.Build.0 = AppStore|iPhoneSimulator
		{21485E9F-9AFD-4190-9E60-595B25E4B4B6}.AppStore|x64.ActiveCfg = AppStore|iPhone
		{21485E9F-9AFD-4190-9E60-595B25E4B4B6}.AppStore|x86.ActiveCfg = AppStore|iPhone
		{21485E9F-9AFD-4190-9E60-595B25E4B4B6}.Debug|Any CPU.ActiveCfg = Debug|iPhone
		{21485E9F-9AFD-4190-9E60-595B25E4B4B6}.Debug|ARM.ActiveCfg = Debug|iPhone
		{21485E9F-9AFD-4190-9E60-595B25E4B4B6}.Debug|iPhone.ActiveCfg = Debug|iPhone
		{21485E9F-9AFD-4190-9E60-595B25E4B4B6}.Debug|iPhone.Build.0 = Debug|iPhone
		{21485E9F-9AFD-4190-9E60-595B25E4B4B6}.Debug|iPhoneSimulator.ActiveCfg = Debug|iPhoneSimulator
		{21485E9F-9AFD-4190-9E60-595B25E4B4B6}.Debug|iPhoneSimulator.Build.0 = Debug|iPhoneSimulator
		{21485E9F-9AFD-4190-9E60-595B25E4B4B6}.Debug|x64.ActiveCfg = Debug|iPhone
		{21485E9F-9AFD-4190-9E60-595B25E4B4B6}.Debug|x86.ActiveCfg = Debug|iPhone
		{21485E9F-9AFD-4190-9E60-595B25E4B4B6}.Release|Any CPU.ActiveCfg = Release|iPhone
		{21485E9F-9AFD-4190-9E60-595B25E4B4B6}.Release|ARM.ActiveCfg = Release|iPhone
		{21485E9F-9AFD-4190-9E60-595B25E4B4B6}.Release|iPhone.ActiveCfg = Release|iPhone
		{21485E9F-9AFD-4190-9E60-595B25E4B4B6}.Release|iPhone.Build.0 = Release|iPhone
		{21485E9F-9AFD-4190-9E60-595B25E4B4B6}.Release|iPhoneSimulator.ActiveCfg = Release|iPhoneSimulator
		{21485E9F-9AFD-4190-9E60-595B25E4B4B6}.Release|iPhoneSimulator.Build.0 = Release|iPhoneSimulator
		{21485E9F-9AFD-4190-9E60-595B25E4B4B6}.Release|x64.ActiveCfg = Release|iPhone
		{21485E9F-9AFD-4190-9E60-595B25E4B4B6}.Release|x86.ActiveCfg = Release|iPhone
		{09AAE13C-F3EC-4042-899A-A6290BE3592D}.Ad-Hoc|Any CPU.ActiveCfg = Release|x64
		{09AAE13C-F3EC-4042-899A-A6290BE3592D}.Ad-Hoc|Any CPU.Build.0 = Release|x64
		{09AAE13C-F3EC-4042-899A-A6290BE3592D}.Ad-Hoc|Any CPU.Deploy.0 = Release|x64
		{09AAE13C-F3EC-4042-899A-A6290BE3592D}.Ad-Hoc|ARM.ActiveCfg = Release|ARM
		{09AAE13C-F3EC-4042-899A-A6290BE3592D}.Ad-Hoc|ARM.Build.0 = Release|ARM
		{09AAE13C-F3EC-4042-899A-A6290BE3592D}.Ad-Hoc|ARM.Deploy.0 = Release|ARM
		{09AAE13C-F3EC-4042-899A-A6290BE3592D}.Ad-Hoc|iPhone.ActiveCfg = Release|x64
		{09AAE13C-F3EC-4042-899A-A6290BE3592D}.Ad-Hoc|iPhone.Build.0 = Release|x64
		{09AAE13C-F3EC-4042-899A-A6290BE3592D}.Ad-Hoc|iPhone.Deploy.0 = Release|x64
		{09AAE13C-F3EC-4042-899A-A6290BE3592D}.Ad-Hoc|iPhoneSimulator.ActiveCfg = Release|x64
		{09AAE13C-F3EC-4042-899A-A6290BE3592D}.Ad-Hoc|iPhoneSimulator.Build.0 = Release|x64
		{09AAE13C-F3EC-4042-899A-A6290BE3592D}.Ad-Hoc|iPhoneSimulator.Deploy.0 = Release|x64
		{09AAE13C-F3EC-4042-899A-A6290BE3592D}.Ad-Hoc|x64.ActiveCfg = Release|x64
		{09AAE13C-F3EC-4042-899A-A6290BE3592D}.Ad-Hoc|x64.Build.0 = Release|x64
		{09AAE13C-F3EC-4042-899A-A6290BE3592D}.Ad-Hoc|x64.Deploy.0 = Release|x64
		{09AAE13C-F3EC-4042-899A-A6290BE3592D}.Ad-Hoc|x86.ActiveCfg = Release|x86
		{09AAE13C-F3EC-4042-899A-A6290BE3592D}.Ad-Hoc|x86.Build.0 = Release|x86
		{09AAE13C-F3EC-4042-899A-A6290BE3592D}.Ad-Hoc|x86.Deploy.0 = Release|x86
		{09AAE13C-F3EC-4042-899A-A6290BE3592D}.AppStore|Any CPU.ActiveCfg = Release|x64
		{09AAE13C-F3EC-4042-899A-A6290BE3592D}.AppStore|Any CPU.Build.0 = Release|x64
		{09AAE13C-F3EC-4042-899A-A6290BE3592D}.AppStore|Any CPU.Deploy.0 = Release|x64
		{09AAE13C-F3EC-4042-899A-A6290BE3592D}.AppStore|ARM.ActiveCfg = Release|ARM
		{09AAE13C-F3EC-4042-899A-A6290BE3592D}.AppStore|ARM.Build.0 = Release|ARM
		{09AAE13C-F3EC-4042-899A-A6290BE3592D}.AppStore|ARM.Deploy.0 = Release|ARM
		{09AAE13C-F3EC-4042-899A-A6290BE3592D}.AppStore|iPhone.ActiveCfg = Release|x64
		{09AAE13C-F3EC-4042-899A-A6290BE3592D}.AppStore|iPhone.Build.0 = Release|x64
		{09AAE13C-F3EC-4042-899A-A6290BE3592D}.AppStore|iPhone.Deploy.0 = Release|x64
		{09AAE13C-F3EC-4042-899A-A6290BE3592D}.AppStore|iPhoneSimulator.ActiveCfg = Release|x64
		{09AAE13C-F3EC-4042-899A-A6290BE3592D}.AppStore|iPhoneSimulator.Build.0 = Release|x64
		{09AAE13C-F3EC-4042-899A-A6290BE3592D}.AppStore|iPhoneSimulator.Deploy.0 = Release|x64
		{09AAE13C-F3EC-4042-899A-A6290BE3592D}.AppStore|x64.ActiveCfg = Release|x64
		{09AAE13C-F3EC-4042-899A-A6290BE3592D}.AppStore|x64.Build.0 = Release|x64
		{09AAE13C-F3EC-4042-899A-A6290BE3592D}.AppStore|x64.Deploy.0 = Release|x64
		{09AAE13C-F3EC-4042-899A-A6290BE3592D}.AppStore|x86.ActiveCfg = Release|x86
		{09AAE13C-F3EC-4042-899A-A6290BE3592D}.AppStore|x86.Build.0 = Release|x86
		{09AAE13C-F3EC-4042-899A-A6290BE3592D}.AppStore|x86.Deploy.0 = Release|x86
		{09AAE13C-F3EC-4042-899A-A6290BE3592D}.Debug|Any CPU.ActiveCfg = Debug|x86
		{09AAE13C-F3EC-4042-899A-A6290BE3592D}.Debug|ARM.ActiveCfg = Debug|ARM
		{09AAE13C-F3EC-4042-899A-A6290BE3592D}.Debug|ARM.Build.0 = Debug|ARM
		{09AAE13C-F3EC-4042-899A-A6290BE3592D}.Debug|ARM.Deploy.0 = Debug|ARM
		{09AAE13C-F3EC-4042-899A-A6290BE3592D}.Debug|iPhone.ActiveCfg = Debug|x86
		{09AAE13C-F3EC-4042-899A-A6290BE3592D}.Debug|iPhoneSimulator.ActiveCfg = Debug|x86
		{09AAE13C-F3EC-4042-899A-A6290BE3592D}.Debug|x64.ActiveCfg = Debug|x64
		{09AAE13C-F3EC-4042-899A-A6290BE3592D}.Debug|x64.Build.0 = Debug|x64
		{09AAE13C-F3EC-4042-899A-A6290BE3592D}.Debug|x64.Deploy.0 = Debug|x64
		{09AAE13C-F3EC-4042-899A-A6290BE3592D}.Debug|x86.ActiveCfg = Debug|x86
		{09AAE13C-F3EC-4042-899A-A6290BE3592D}.Debug|x86.Build.0 = Debug|x86
		{09AAE13C-F3EC-4042-899A-A6290BE3592D}.Debug|x86.Deploy.0 = Debug|x86
		{09AAE13C-F3EC-4042-899A-A6290BE3592D}.Release|Any CPU.ActiveCfg = Release|x86
		{09AAE13C-F3EC-4042-899A-A6290BE3592D}.Release|ARM.ActiveCfg = Release|ARM
		{09AAE13C-F3EC-4042-899A-A6290BE3592D}.Release|ARM.Build.0 = Release|ARM
		{09AAE13C-F3EC-4042-899A-A6290BE3592D}.Release|ARM.Deploy.0 = Release|ARM
		{09AAE13C-F3EC-4042-899A-A6290BE3592D}.Release|iPhone.ActiveCfg = Release|x86
		{09AAE13C-F3EC-4042-899A-A6290BE3592D}.Release|iPhoneSimulator.ActiveCfg = Release|x86
		{09AAE13C-F3EC-4042-899A-A6290BE3592D}.Release|x64.ActiveCfg = Release|x64
		{09AAE13C-F3EC-4042-899A-A6290BE3592D}.Release|x64.Build.0 = Release|x64
		{09AAE13C-F3EC-4042-899A-A6290BE3592D}.Release|x64.Deploy.0 = Release|x64
		{09AAE13C-F3EC-4042-899A-A6290BE3592D}.Release|x86.ActiveCfg = Release|x86
		{09AAE13C-F3EC-4042-899A-A6290BE3592D}.Release|x86.Build.0 = Release|x86
		{09AAE13C-F3EC-4042-899A-A6290BE3592D}.Release|x86.Deploy.0 = Release|x86
		{4300506B-0E2E-4E9A-B468-E5A58116BD10}.Ad-Hoc|Any CPU.ActiveCfg = Debug|Any CPU
		{4300506B-0E2E-4E9A-B468-E5A58116BD10}.Ad-Hoc|Any CPU.Build.0 = Debug|Any CPU
		{4300506B-0E2E-4E9A-B468-E5A58116BD10}.Ad-Hoc|ARM.ActiveCfg = Debug|Any CPU
		{4300506B-0E2E-4E9A-B468-E5A58116BD10}.Ad-Hoc|ARM.Build.0 = Debug|Any CPU
		{4300506B-0E2E-4E9A-B468-E5A58116BD10}.Ad-Hoc|iPhone.ActiveCfg = Debug|Any CPU
		{4300506B-0E2E-4E9A-B468-E5A58116BD10}.Ad-Hoc|iPhone.Build.0 = Debug|Any CPU
		{4300506B-0E2E-4E9A-B468-E5A58116BD10}.Ad-Hoc|iPhoneSimulator.ActiveCfg = Debug|Any CPU
		{4300506B-0E2E-4E9A-B468-E5A58116BD10}.Ad-Hoc|iPhoneSimulator.Build.0 = Debug|Any CPU
		{4300506B-0E2E-4E9A-B468-E5A58116BD10}.Ad-Hoc|x64.ActiveCfg = Debug|Any CPU
		{4300506B-0E2E-4E9A-B468-E5A58116BD10}.Ad-Hoc|x64.Build.0 = Debug|Any CPU
		{4300506B-0E2E-4E9A-B468-E5A58116BD10}.Ad-Hoc|x86.ActiveCfg = Debug|Any CPU
		{4300506B-0E2E-4E9A-B468-E5A58116BD10}.Ad-Hoc|x86.Build.0 = Debug|Any CPU
		{4300506B-0E2E-4E9A-B468-E5A58116BD10}.AppStore|Any CPU.ActiveCfg = Debug|Any CPU
		{4300506B-0E2E-4E9A-B468-E5A58116BD10}.AppStore|Any CPU.Build.0 = Debug|Any CPU
		{4300506B-0E2E-4E9A-B468-E5A58116BD10}.AppStore|ARM.ActiveCfg = Debug|Any CPU
		{4300506B-0E2E-4E9A-B468-E5A58116BD10}.AppStore|ARM.Build.0 = Debug|Any CPU
		{4300506B-0E2E-4E9A-B468-E5A58116BD10}.AppStore|iPhone.ActiveCfg = Debug|Any CPU
		{4300506B-0E2E-4E9A-B468-E5A58116BD10}.AppStore|iPhone.Build.0 = Debug|Any CPU
		{4300506B-0E2E-4E9A-B468-E5A58116BD10}.AppStore|iPhoneSimulator.ActiveCfg = Debug|Any CPU
		{4300506B-0E2E-4E9A-B468-E5A58116BD10}.AppStore|iPhoneSimulator.Build.0 = Debug|Any CPU
		{4300506B-0E2E-4E9A-B468-E5A58116BD10}.AppStore|x64.ActiveCfg = Debug|Any CPU
		{4300506B-0E2E-4E9A-B468-E5A58116BD10}.AppStore|x64.Build.0 = Debug|Any CPU
		{4300506B-0E2E-4E9A-B468-E5A58116BD10}.AppStore|x86.ActiveCfg = Debug|Any CPU
		{4300506B-0E2E-4E9A-B468-E5A58116BD10}.AppStore|x86.Build.0 = Debug|Any CPU
		{4300506B-0E2E-4E9A-B468-E5A58116BD10}.Debug|Any CPU.ActiveCfg = Debug|Any CPU
		{4300506B-0E2E-4E9A-B468-E5A58116BD10}.Debug|Any CPU.Build.0 = Debug|Any CPU
		{4300506B-0E2E-4E9A-B468-E5A58116BD10}.Debug|ARM.ActiveCfg = Debug|Any CPU
		{4300506B-0E2E-4E9A-B468-E5A58116BD10}.Debug|ARM.Build.0 = Debug|Any CPU
		{4300506B-0E2E-4E9A-B468-E5A58116BD10}.Debug|iPhone.ActiveCfg = Debug|Any CPU
		{4300506B-0E2E-4E9A-B468-E5A58116BD10}.Debug|iPhone.Build.0 = Debug|Any CPU
		{4300506B-0E2E-4E9A-B468-E5A58116BD10}.Debug|iPhoneSimulator.ActiveCfg = Debug|Any CPU
		{4300506B-0E2E-4E9A-B468-E5A58116BD10}.Debug|iPhoneSimulator.Build.0 = Debug|Any CPU
		{4300506B-0E2E-4E9A-B468-E5A58116BD10}.Debug|x64.ActiveCfg = Debug|Any CPU
		{4300506B-0E2E-4E9A-B468-E5A58116BD10}.Debug|x64.Build.0 = Debug|Any CPU
		{4300506B-0E2E-4E9A-B468-E5A58116BD10}.Debug|x86.ActiveCfg = Debug|Any CPU
		{4300506B-0E2E-4E9A-B468-E5A58116BD10}.Debug|x86.Build.0 = Debug|Any CPU
		{4300506B-0E2E-4E9A-B468-E5A58116BD10}.Release|Any CPU.ActiveCfg = Release|Any CPU
		{4300506B-0E2E-4E9A-B468-E5A58116BD10}.Release|Any CPU.Build.0 = Release|Any CPU
		{4300506B-0E2E-4E9A-B468-E5A58116BD10}.Release|ARM.ActiveCfg = Release|Any CPU
		{4300506B-0E2E-4E9A-B468-E5A58116BD10}.Release|ARM.Build.0 = Release|Any CPU
		{4300506B-0E2E-4E9A-B468-E5A58116BD10}.Release|iPhone.ActiveCfg = Release|Any CPU
		{4300506B-0E2E-4E9A-B468-E5A58116BD10}.Release|iPhone.Build.0 = Release|Any CPU
		{4300506B-0E2E-4E9A-B468-E5A58116BD10}.Release|iPhoneSimulator.ActiveCfg = Release|Any CPU
		{4300506B-0E2E-4E9A-B468-E5A58116BD10}.Release|iPhoneSimulator.Build.0 = Release|Any CPU
		{4300506B-0E2E-4E9A-B468-E5A58116BD10}.Release|x64.ActiveCfg = Release|Any CPU
		{4300506B-0E2E-4E9A-B468-E5A58116BD10}.Release|x64.Build.0 = Release|Any CPU
		{4300506B-0E2E-4E9A-B468-E5A58116BD10}.Release|x86.ActiveCfg = Release|Any CPU
		{4300506B-0E2E-4E9A-B468-E5A58116BD10}.Release|x86.Build.0 = Release|Any CPU
	EndGlobalSection
	GlobalSection(SolutionProperties) = preSolution
		HideSolutionNode = FALSE
	EndGlobalSection
	GlobalSection(ExtensibilityGlobals) = postSolution
		SolutionGuid = {76FB0CCB-6DC7-42A7-A93D-08F7F1A94749}
	EndGlobalSection
EndGlobal
